
Microsoft Visual Studio Solution File, Format Version 12.00
# Visual Studio Version 17
VisualStudioVersion = 17.8.34322.80
MinimumVisualStudioVersion = 10.0.40219.1
Project("{FAE04EC0-301F-11D3-BF4B-00C04F79EFBC}") = "PruebaTecnicav2", "PruebaTecnicav2.csproj", "{B5A892AB-A15C-475D-A081-4D440DFFADF0}"
EndProject
Global
	GlobalSection(SolutionConfigurationPlatforms) = preSolution
		Debug|Any CPU = Debug|Any CPU
		Release|Any CPU = Release|Any CPU
	EndGlobalSection
	GlobalSection(ProjectConfigurationPlatforms) = postSolution
		{B5A892AB-A15C-475D-A081-4D440DFFADF0}.Debug|Any CPU.ActiveCfg = Debug|Any CPU
		{B5A892AB-A15C-475D-A081-4D440DFFADF0}.Debug|Any CPU.Build.0 = Debug|Any CPU
		{B5A892AB-A15C-475D-A081-4D440DFFADF0}.Release|Any CPU.ActiveCfg = Release|Any CPU
		{B5A892AB-A15C-475D-A081-4D440DFFADF0}.Release|Any CPU.Build.0 = Release|Any CPU
	EndGlobalSection
	GlobalSection(SolutionProperties) = preSolution
		HideSolutionNode = FALSE
	EndGlobalSection
	GlobalSection(ExtensibilityGlobals) = postSolution
		SolutionGuid = {31767CCE-0BC9-4AF2-B69E-5D3F5664E39F}
	EndGlobalSection
EndGlobal
